
Microsoft Visual Studio Solution File, Format Version 12.00
# Visual Studio Version 16
VisualStudioVersion = 16.0.30804.86
MinimumVisualStudioVersion = 10.0.40219.1
Project("{FAE04EC0-301F-11D3-BF4B-00C04F79EFBC}") = "Korelskiy.WSRProject", "Korelskiy.WSRProject\Korelskiy.WSRProject.csproj", "{7E4F5454-50E5-483A-9B03-5218C8B0AE75}"
EndProject
Global
	GlobalSection(SolutionConfigurationPlatforms) = preSolution
		Debug|Any CPU = Debug|Any CPU
		Release|Any CPU = Release|Any CPU
	EndGlobalSection
	GlobalSection(ProjectConfigurationPlatforms) = postSolution
		{7E4F5454-50E5-483A-9B03-5218C8B0AE75}.Debug|Any CPU.ActiveCfg = Debug|Any CPU
		{7E4F5454-50E5-483A-9B03-5218C8B0AE75}.Debug|Any CPU.Build.0 = Debug|Any CPU
		{7E4F5454-50E5-483A-9B03-5218C8B0AE75}.Release|Any CPU.ActiveCfg = Release|Any CPU
		{7E4F5454-50E5-483A-9B03-5218C8B0AE75}.Release|Any CPU.Build.0 = Release|Any CPU
	EndGlobalSection
	GlobalSection(SolutionProperties) = preSolution
		HideSolutionNode = FALSE
	EndGlobalSection
	GlobalSection(ExtensibilityGlobals) = postSolution
		SolutionGuid = {827446E5-C429-47ED-9075-364D3EE919BF}
	EndGlobalSection
EndGlobal
